# @generated - this file is auto-generated by `mise lock` https://mise.en.dev/dev-tools/mise-lock.html

[[tools."github:stackitcloud/stackit-cli"]]
version = "0.72.0"
backend = "github:stackitcloud/stackit-cli"

[tools."github:stackitcloud/stackit-cli"."platforms.linux-arm64"]
checksum = "sha256:baa1834009b43ab7c49680f865cec8bed31da4fd373fbfd3f816f30b460c8aeb"
url = "https://github.com/stackitcloud/stackit-cli/releases/download/v0.72.0/stackit-cli_0.72.0_linux_arm64.tar.gz"
url_api = "https://api.github.com/repos/stackitcloud/stackit-cli/releases/assets/528902110"

[tools."github:stackitcloud/stackit-cli"."platforms.linux-arm64-musl"]
checksum = "sha256:baa1834009b43ab7c49680f865cec8bed31da4fd373fbfd3f816f30b460c8aeb"
url = "https://github.com/stackitcloud/stackit-cli/releases/download/v0.72.0/stackit-cli_0.72.0_linux_arm64.tar.gz"
url_api = "https://api.github.com/repos/stackitcloud/stackit-cli/releases/assets/528902110"

[tools."github:stackitcloud/stackit-cli"."platforms.linux-x64"]
checksum = "sha256:8e3324606c13f063fb46ddff380bcc1a5fcdb7e230fd37fa021741f8c16d43d6"
url = "https://github.com/stackitcloud/stackit-cli/releases/download/v0.72.0/stackit-cli_0.72.0_linux_amd64.tar.gz"
url_api = "https://api.github.com/repos/stackitcloud/stackit-cli/releases/assets/528902114"

[tools."github:stackitcloud/stackit-cli"."platforms.linux-x64-musl"]
checksum = "sha256:8e3324606c13f063fb46ddff380bcc1a5fcdb7e230fd37fa021741f8c16d43d6"
url = "https://github.com/stackitcloud/stackit-cli/releases/download/v0.72.0/stackit-cli_0.72.0_linux_amd64.tar.gz"
url_api = "https://api.github.com/repos/stackitcloud/stackit-cli/releases/assets/528902114"

[tools."github:stackitcloud/stackit-cli"."platforms.macos-arm64"]
checksum = "sha256:6c55fa7aacc584a04ce932ed82cc8daf7e712a7a7f27477f33d298baf6ffbe96"
url = "https://github.com/stackitcloud/stackit-cli/releases/download/v0.72.0/stackit-cli_0.72.0_darwin_arm64.tar.gz"
url_api = "https://api.github.com/repos/stackitcloud/stackit-cli/releases/assets/528902117"

[tools."github:stackitcloud/stackit-cli"."platforms.macos-x64"]
checksum = "sha256:5f4f95ad5a4324826d0779aef572407485c5778e141a74fa5c17a89cc8d16e33"
url = "https://github.com/stackitcloud/stackit-cli/releases/download/v0.72.0/stackit-cli_0.72.0_darwin_amd64.tar.gz"
url_api = "https://api.github.com/repos/stackitcloud/stackit-cli/releases/assets/528902148"

[tools."github:stackitcloud/stackit-cli"."platforms.windows-arm64"]
checksum = "sha256:4ccdb3fb6007afbf07c6a79ea4f7890d396f0b16f9dceac9324b2dc870536dfb"
url = "https://github.com/stackitcloud/stackit-cli/releases/download/v0.72.0/stackit-cli_0.72.0_windows_arm64.zip"
url_api = "https://api.github.com/repos/stackitcloud/stackit-cli/releases/assets/528902068"

[tools."github:stackitcloud/stackit-cli"."platforms.windows-x64"]
checksum = "sha256:defcf6b716a48d0ff39ecbbfa9d17a68e7b080d6f7a15e254a43123a375a7014"
url = "https://github.com/stackitcloud/stackit-cli/releases/download/v0.72.0/stackit-cli_0.72.0_windows_amd64.zip"
url_api = "https://api.github.com/repos/stackitcloud/stackit-cli/releases/assets/528902073"

[[tools.opentofu]]
version = "1.12.6"
backend = "aqua:opentofu/opentofu"

[tools.opentofu."platforms.linux-arm64"]
checksum = "sha256:9bd0228a81bcd0c88f7045c74378f45a815779f19897191dff7d9efba9976b9e"
url = "https://github.com/opentofu/opentofu/releases/download/v1.12.6/tofu_1.12.6_linux_arm64.tar.gz"
url_api = "https://api.github.com/repos/opentofu/opentofu/releases/assets/520762688"

[tools.opentofu."platforms.linux-arm64-musl"]
checksum = "sha256:9bd0228a81bcd0c88f7045c74378f45a815779f19897191dff7d9efba9976b9e"
url = "https://github.com/opentofu/opentofu/releases/download/v1.12.6/tofu_1.12.6_linux_arm64.tar.gz"
url_api = "https://api.github.com/repos/opentofu/opentofu/releases/assets/520762688"

[tools.opentofu."platforms.linux-x64"]
checksum = "sha256:50a6106fa4de523d09c87af85f3db1dd47535fc005727fdca6852146476b88ec"
url = "https://github.com/opentofu/opentofu/releases/download/v1.12.6/tofu_1.12.6_linux_amd64.tar.gz"
url_api = "https://api.github.com/repos/opentofu/opentofu/releases/assets/520762723"

[tools.opentofu."platforms.linux-x64-musl"]
checksum = "sha256:50a6106fa4de523d09c87af85f3db1dd47535fc005727fdca6852146476b88ec"
url = "https://github.com/opentofu/opentofu/releases/download/v1.12.6/tofu_1.12.6_linux_amd64.tar.gz"
url_api = "https://api.github.com/repos/opentofu/opentofu/releases/assets/520762723"

[tools.opentofu."platforms.macos-arm64"]
checksum = "sha256:f958ec5e511063be9feb180ca015a4cb7977566a9cf6a8550bba8c2a9b5aba74"
url = "https://github.com/opentofu/opentofu/releases/download/v1.12.6/tofu_1.12.6_darwin_arm64.tar.gz"
url_api = "https://api.github.com/repos/opentofu/opentofu/releases/assets/520762710"

[tools.opentofu."platforms.macos-x64"]
checksum = "sha256:44bb1855f372f17f365fb94517906e78da5001da10f4c98de57a39bf982f3a92"
url = "https://github.com/opentofu/opentofu/releases/download/v1.12.6/tofu_1.12.6_darwin_amd64.tar.gz"
url_api = "https://api.github.com/repos/opentofu/opentofu/releases/assets/520762655"

[tools.opentofu."platforms.windows-arm64"]
checksum = "sha256:bcbcd9ca744af6c4053e2d5e75dae79ff33ad7dc38d45e1233e693d096284538"
url = "https://github.com/opentofu/opentofu/releases/download/v1.12.6/tofu_1.12.6_windows_amd64.tar.gz"
url_api = "https://api.github.com/repos/opentofu/opentofu/releases/assets/520762708"

[tools.opentofu."platforms.windows-x64"]
checksum = "sha256:bcbcd9ca744af6c4053e2d5e75dae79ff33ad7dc38d45e1233e693d096284538"
url = "https://github.com/opentofu/opentofu/releases/download/v1.12.6/tofu_1.12.6_windows_amd64.tar.gz"
url_api = "https://api.github.com/repos/opentofu/opentofu/releases/assets/520762708"

[[tools.pre-commit]]
version = "4.6.2"
backend = "aqua:pre-commit/pre-commit"

[tools.pre-commit."platforms.linux-arm64"]
checksum = "sha256:43c09a73d82af8efff09900e60d76d67a2c3d990613c3c770b2b5c4418a16c4b"
url = "https://github.com/pre-commit/pre-commit/releases/download/v4.6.2/pre-commit-4.6.2.pyz"
url_api = "https://api.github.com/repos/pre-commit/pre-commit/releases/assets/509317714"

[tools.pre-commit."platforms.linux-arm64-musl"]
checksum = "sha256:43c09a73d82af8efff09900e60d76d67a2c3d990613c3c770b2b5c4418a16c4b"
url = "https://github.com/pre-commit/pre-commit/releases/download/v4.6.2/pre-commit-4.6.2.pyz"
url_api = "https://api.github.com/repos/pre-commit/pre-commit/releases/assets/509317714"

[tools.pre-commit."platforms.linux-x64"]
checksum = "sha256:43c09a73d82af8efff09900e60d76d67a2c3d990613c3c770b2b5c4418a16c4b"
url = "https://github.com/pre-commit/pre-commit/releases/download/v4.6.2/pre-commit-4.6.2.pyz"
url_api = "https://api.github.com/repos/pre-commit/pre-commit/releases/assets/509317714"

[tools.pre-commit."platforms.linux-x64-musl"]
checksum = "sha256:43c09a73d82af8efff09900e60d76d67a2c3d990613c3c770b2b5c4418a16c4b"
url = "https://github.com/pre-commit/pre-commit/releases/download/v4.6.2/pre-commit-4.6.2.pyz"
url_api = "https://api.github.com/repos/pre-commit/pre-commit/releases/assets/509317714"

[tools.pre-commit."platforms.macos-arm64"]
checksum = "sha256:43c09a73d82af8efff09900e60d76d67a2c3d990613c3c770b2b5c4418a16c4b"
url = "https://github.com/pre-commit/pre-commit/releases/download/v4.6.2/pre-commit-4.6.2.pyz"
url_api = "https://api.github.com/repos/pre-commit/pre-commit/releases/assets/509317714"

[tools.pre-commit."platforms.macos-x64"]
checksum = "sha256:43c09a73d82af8efff09900e60d76d67a2c3d990613c3c770b2b5c4418a16c4b"
url = "https://github.com/pre-commit/pre-commit/releases/download/v4.6.2/pre-commit-4.6.2.pyz"
url_api = "https://api.github.com/repos/pre-commit/pre-commit/releases/assets/509317714"

[[tools.terraform-docs]]
version = "0.24.0"
backend = "aqua:terraform-docs/terraform-docs"

[tools.terraform-docs."platforms.linux-arm64"]
checksum = "sha256:d12bd7b73c1fc9c64efc79f8157dd713dabd559f1ecf3cfc0f42e32279a155fd"
url = "https://github.com/terraform-docs/terraform-docs/releases/download/v0.24.0/terraform-docs-v0.24.0-linux-arm64.tar.gz"
url_api = "https://api.github.com/repos/terraform-docs/terraform-docs/releases/assets/416956212"

[tools.terraform-docs."platforms.linux-arm64-musl"]
checksum = "sha256:d12bd7b73c1fc9c64efc79f8157dd713dabd559f1ecf3cfc0f42e32279a155fd"
url = "https://github.com/terraform-docs/terraform-docs/releases/download/v0.24.0/terraform-docs-v0.24.0-linux-arm64.tar.gz"
url_api = "https://api.github.com/repos/terraform-docs/terraform-docs/releases/assets/416956212"

[tools.terraform-docs."platforms.linux-x64"]
checksum = "sha256:9005daf969de0b50134493a2c00078b49f5f5b39d021cda7c89bf4d4f3d776d3"
url = "https://github.com/terraform-docs/terraform-docs/releases/download/v0.24.0/terraform-docs-v0.24.0-linux-amd64.tar.gz"
url_api = "https://api.github.com/repos/terraform-docs/terraform-docs/releases/assets/416956208"

[tools.terraform-docs."platforms.linux-x64-musl"]
checksum = "sha256:9005daf969de0b50134493a2c00078b49f5f5b39d021cda7c89bf4d4f3d776d3"
url = "https://github.com/terraform-docs/terraform-docs/releases/download/v0.24.0/terraform-docs-v0.24.0-linux-amd64.tar.gz"
url_api = "https://api.github.com/repos/terraform-docs/terraform-docs/releases/assets/416956208"

[tools.terraform-docs."platforms.macos-arm64"]
checksum = "sha256:f6b114f4b032f3f9202ab6c23bfd28c3c8e68aeeb8a8f12fc118bf2073081d71"
url = "https://github.com/terraform-docs/terraform-docs/releases/download/v0.24.0/terraform-docs-v0.24.0-darwin-arm64.tar.gz"
url_api = "https://api.github.com/repos/terraform-docs/terraform-docs/releases/assets/416956237"

[tools.terraform-docs."platforms.macos-x64"]
checksum = "sha256:3c3f7f18f908457fd1209cbe341418f7f6bae78c08126cfbe8de0d1b06aa8781"
url = "https://github.com/terraform-docs/terraform-docs/releases/download/v0.24.0/terraform-docs-v0.24.0-darwin-amd64.tar.gz"
url_api = "https://api.github.com/repos/terraform-docs/terraform-docs/releases/assets/416956256"

[tools.terraform-docs."platforms.windows-arm64"]
checksum = "sha256:1168c12929531ac9132c97fff794ef531ebb2a5b54c41870b9e19911950b6fd4"
url = "https://github.com/terraform-docs/terraform-docs/releases/download/v0.24.0/terraform-docs-v0.24.0-windows-arm64.zip"
url_api = "https://api.github.com/repos/terraform-docs/terraform-docs/releases/assets/416956211"

[tools.terraform-docs."platforms.windows-x64"]
checksum = "sha256:afc02cbdf63726d3e5fb26a077ca1f24acd4820d7e44c21b03a3e030f9266490"
url = "https://github.com/terraform-docs/terraform-docs/releases/download/v0.24.0/terraform-docs-v0.24.0-windows-amd64.zip"
url_api = "https://api.github.com/repos/terraform-docs/terraform-docs/releases/assets/416956245"
